
Microsoft Visual Studio Solution File, Format Version 12.00
# Visual Studio Version 16
VisualStudioVersion = 16.0.32228.343
MinimumVisualStudioVersion = 10.0.40219.1
Project("{FAE04EC0-301F-11D3-BF4B-00C04F79EFBC}") = "AStarPathFinding", "AStarPathFinding.csproj", "{15BE2635-C4D1-41EC-B569-B14044DA8994}"
EndProject
Global
	GlobalSection(SolutionConfigurationPlatforms) = preSolution
		Debug|Any CPU = Debug|Any CPU
		Release|Any CPU = Release|Any CPU
	EndGlobalSection
	GlobalSection(ProjectConfigurationPlatforms) = postSolution
		{15BE2635-C4D1-41EC-B569-B14044DA8994}.Debug|Any CPU.ActiveCfg = Debug|Any CPU
		{15BE2635-C4D1-41EC-B569-B14044DA8994}.Debug|Any CPU.Build.0 = Debug|Any CPU
		{15BE2635-C4D1-41EC-B569-B14044DA8994}.Release|Any CPU.ActiveCfg = Release|Any CPU
		{15BE2635-C4D1-41EC-B569-B14044DA8994}.Release|Any CPU.Build.0 = Release|Any CPU
	EndGlobalSection
	GlobalSection(SolutionProperties) = preSolution
		HideSolutionNode = FALSE
	EndGlobalSection
	GlobalSection(ExtensibilityGlobals) = postSolution
		SolutionGuid = {84E0B9A5-9C3F-4EBC-A4C4-17738A5CD46C}
	EndGlobalSection
EndGlobal
